// !$*UTF8*$!
{
	archiveVersion = 1;
	classes = {
	};
	objectVersion = 46;
	objects = {

/* Begin PBXBuildFile section */
		FC508FB41A8AD59100B729FA /* AppDelegate.swift in Sources */ = {isa = PBXBuildFile; fileRef = FC508FB31A8AD59100B729FA /* AppDelegate.swift */; };
		FC508FB61A8AD59100B729FA /* ViewController.swift in Sources */ = {isa = PBXBuildFile; fileRef = FC508FB51A8AD59100B729FA /* ViewController.swift */; };
		FC508FB91A8AD59100B729FA /* Main.storyboard in Resources */ = {isa = PBXBuildFile; fileRef = FC508FB71A8AD59100B729FA /* Main.storyboard */; };
		FC508FBB1A8AD59100B729FA /* Images.xcassets in Resources */ = {isa = PBXBuildFile; fileRef = FC508FBA1A8AD59100B729FA /* Images.xcassets */; };
		FC508FBE1A8AD59100B729FA /* LaunchScreen.xib in Resources */ = {isa = PBXBuildFile; fileRef = FC508FBC1A8AD59100B729FA /* LaunchScreen.xib */; };
		FC508FCA1A8AD59100B729FA /* Furry_FriendsTests.swift in Sources */ = {isa = PBXBuildFile; fileRef = FC508FC91A8AD59100B729FA /* Furry_FriendsTests.swift */; };
		FC508FD41A8AD63000B729FA /* RabitViewController.swift in Sources */ = {isa = PBXBuildFile; fileRef = FC508FD31A8AD63000B729FA /* RabitViewController.swift */; };
		FC508FDE1A8AE91500B729FA /* Common.swift in Sources */ = {isa = PBXBuildFile; fileRef = FC508FDD1A8AE91500B729FA /* Common.swift */; };
		FCE58BDC1A93D1BD001CFF1D /* LoginViewController.swift in Sources */ = {isa = PBXBuildFile; fileRef = FCE58BDB1A93D1BD001CFF1D /* LoginViewController.swift */; };
/* End PBXBuildFile section */

/* Begin PBXContainerItemProxy section */
		FC508FC41A8AD59100B729FA /* PBXContainerItemProxy */ = {
			isa = PBXContainerItemProxy;
			containerPortal = FC508FA61A8AD59100B729FA /* Project object */;
			proxyType = 1;
			remoteGlobalIDString = FC508FAD1A8AD59100B729FA;
			remoteInfo = "Furry Friends";
		};
/* End PBXContainerItemProxy section */

/* Begin PBXFileReference section */
		FC508FAE1A8AD59100B729FA /* Furry Friends.app */ = {isa = PBXFileReference; explicitFileType = wrapper.application; includeInIndex = 0; path = "Furry Friends.app"; sourceTree = BUILT_PRODUCTS_DIR; };
		FC508FB21A8AD59100B729FA /* Info.plist */ = {isa = PBXFileReference; lastKnownFileType = text.plist.xml; path = Info.plist; sourceTree = "<group>"; };
		FC508FB31A8AD59100B729FA /* AppDelegate.swift */ = {isa = PBXFileReference; lastKnownFileType = sourcecode.swift; path = AppDelegate.swift; sourceTree = "<group>"; };
		FC508FB51A8AD59100B729FA /* ViewController.swift */ = {isa = PBXFileReference; lastKnownFileType = sourcecode.swift; path = ViewController.swift; sourceTree = "<group>"; };
		FC508FB81A8AD59100B729FA /* Base */ = {isa = PBXFileReference; lastKnownFileType = file.storyboard; name = Base; path = Base.lproj/Main.storyboard; sourceTree = "<group>"; };
		FC508FBA1A8AD59100B729FA /* Images.xcassets */ = {isa = PBXFileReference; lastKnownFileType = folder.assetcatalog; path = Images.xcassets; sourceTree = "<group>"; };
		FC508FBD1A8AD59100B729FA /* Base */ = {isa = PBXFileReference; lastKnownFileType = file.xib; name = Base; path = Base.lproj/LaunchScreen.xib; sourceTree = "<group>"; };
		FC508FC31A8AD59100B729FA /* Furry FriendsTests.xctest */ = {isa = PBXFileReference; explicitFileType = wrapper.cfbundle; includeInIndex = 0; path = "Furry FriendsTests.xctest"; sourceTree = BUILT_PRODUCTS_DIR; };
		FC508FC81A8AD59100B729FA /* Info.plist */ = {isa = PBXFileReference; lastKnownFileType = text.plist.xml; path = Info.plist; sourceTree = "<group>"; };
		FC508FC91A8AD59100B729FA /* Furry_FriendsTests.swift */ = {isa = PBXFileReference; lastKnownFileType = sourcecode.swift; path = Furry_FriendsTests.swift; sourceTree = "<group>"; };
		FC508FD31A8AD63000B729FA /* RabitViewController.swift */ = {isa = PBXFileReference; fileEncoding = 4; lastKnownFileType = sourcecode.swift; path = RabitViewController.swift; sourceTree = "<group>"; };
		FC508FDD1A8AE91500B729FA /* Common.swift */ = {isa = PBXFileReference; fileEncoding = 4; lastKnownFileType = sourcecode.swift; path = Common.swift; sourceTree = "<group>"; };
		FCE58BDB1A93D1BD001CFF1D /* LoginViewController.swift */ = {isa = PBXFileReference; fileEncoding = 4; lastKnownFileType = sourcecode.swift; path = LoginViewController.swift; sourceTree = "<group>"; };
/* End PBXFileReference section */

/* Begin PBXFrameworksBuildPhase section */
		FC508FAB1A8AD59100B729FA /* Frameworks */ = {
			isa = PBXFrameworksBuildPhase;
			buildActionMask = 2147483647;
			files = (
			);
			runOnlyForDeploymentPostprocessing = 0;
		};
		FC508FC01A8AD59100B729FA /* Frameworks */ = {
			isa = PBXFrameworksBuildPhase;
			buildActionMask = 2147483647;
			files = (
			);
			runOnlyForDeploymentPostprocessing = 0;
		};
/* End PBXFrameworksBuildPhase section */

/* Begin PBXGroup section */
		FC508FA51A8AD59100B729FA = {
			isa = PBXGroup;
			children = (
				FC508FB01A8AD59100B729FA /* Furry Friends */,
				FC508FC61A8AD59100B729FA /* Furry FriendsTests */,
				FC508FAF1A8AD59100B729FA /* Products */,
			);
			sourceTree = "<group>";
		};
		FC508FAF1A8AD59100B729FA /* Products */ = {
			isa = PBXGroup;
			children = (
				FC508FAE1A8AD59100B729FA /* Furry Friends.app */,
				FC508FC31A8AD59100B729FA /* Furry FriendsTests.xctest */,
			);
			name = Products;
			sourceTree = "<group>";
		};
		FC508FB01A8AD59100B729FA /* Furry Friends */ = {
			isa = PBXGroup;
			children = (
				FC508FB31A8AD59100B729FA /* AppDelegate.swift */,
				FC508FDD1A8AE91500B729FA /* Common.swift */,
				FC508FB51A8AD59100B729FA /* ViewController.swift */,
				FC508FB71A8AD59100B729FA /* Main.storyboard */,
				FCE58BDB1A93D1BD001CFF1D /* LoginViewController.swift */,
				FC508FD31A8AD63000B729FA /* RabitViewController.swift */,
				FC508FBA1A8AD59100B729FA /* Images.xcassets */,
				FC508FBC1A8AD59100B729FA /* LaunchScreen.xib */,
				FC508FB11A8AD59100B729FA /* Supporting Files */,
			);
			path = "Furry Friends";
			sourceTree = "<group>";
		};
		FC508FB11A8AD59100B729FA /* Supporting Files */ = {
			isa = PBXGroup;
			children = (
				FC508FB21A8AD59100B729FA /* Info.plist */,
			);
			name = "Supporting Files";
			sourceTree = "<group>";
		};
		FC508FC61A8AD59100B729FA /* Furry FriendsTests */ = {
			isa = PBXGroup;
			children = (
				FC508FC91A8AD59100B729FA /* Furry_FriendsTests.swift */,
				FC508FC71A8AD59100B729FA /* Supporting Files */,
			);
			path = "Furry FriendsTests";
			sourceTree = "<group>";
		};
		FC508FC71A8AD59100B729FA /* Supporting Files */ = {
			isa = PBXGroup;
			children = (
				FC508FC81A8AD59100B729FA /* Info.plist */,
			);
			name = "Supporting Files";
			sourceTree = "<group>";
		};
/* End PBXGroup section */

/* Begin PBXNativeTarget section */
		FC508FAD1A8AD59100B729FA /* Furry Friends */ = {
			isa = PBXNativeTarget;
			buildConfigurationList = FC508FCD1A8AD59100B729FA /* Build configuration list for PBXNativeTarget "Furry Friends" */;
			buildPhases = (
				FC508FAA1A8AD59100B729FA /* Sources */,
				FC508FAB1A8AD59100B729FA /* Frameworks */,
				FC508FAC1A8AD59100B729FA /* Resources */,
			);
			buildRules = (
			);
			dependencies = (
			);
			name = "Furry Friends";
			productName = "Furry Friends";
			productReference = FC508FAE1A8AD59100B729FA /* Furry Friends.app */;
			productType = "com.apple.product-type.application";
		};
		FC508FC21A8AD59100B729FA /* Furry FriendsTests */ = {
			isa = PBXNativeTarget;
			buildConfigurationList = FC508FD01A8AD59100B729FA /* Build configuration list for PBXNativeTarget "Furry FriendsTests" */;
			buildPhases = (
				FC508FBF1A8AD59100B729FA /* Sources */,
				FC508FC01A8AD59100B729FA /* Frameworks */,
				FC508FC11A8AD59100B729FA /* Resources */,
			);
			buildRules = (
			);
			dependencies = (
				FC508FC51A8AD59100B729FA /* PBXTargetDependency */,
			);
			name = "Furry FriendsTests";
			productName = "Furry FriendsTests";
			productReference = FC508FC31A8AD59100B729FA /* Furry FriendsTests.xctest */;
			productType = "com.apple.product-type.bundle.unit-test";
		};
/* End PBXNativeTarget section */

/* Begin PBXProject section */
		FC508FA61A8AD59100B729FA /* Project object */ = {
			isa = PBXProject;
			attributes = {
				LastUpgradeCheck = 0610;
				ORGANIZATIONNAME = Nathalie;
				TargetAttributes = {
					FC508FAD1A8AD59100B729FA = {
						CreatedOnToolsVersion = 6.1.1;
					};
					FC508FC21A8AD59100B729FA = {
						CreatedOnToolsVersion = 6.1.1;
						TestTargetID = FC508FAD1A8AD59100B729FA;
					};
				};
			};
			buildConfigurationList = FC508FA91A8AD59100B729FA /* Build configuration list for PBXProject "Furry Friends" */;
			compatibilityVersion = "Xcode 3.2";
			developmentRegion = English;
			hasScannedForEncodings = 0;
			knownRegions = (
				en,
				Base,
			);
			mainGroup = FC508FA51A8AD59100B729FA;
			productRefGroup = FC508FAF1A8AD59100B729FA /* Products */;
			projectDirPath = "";
			projectRoot = "";
			targets = (
				FC508FAD1A8AD59100B729FA /* Furry Friends */,
				FC508FC21A8AD59100B729FA /* Furry FriendsTests */,
			);
		};
/* End PBXProject section */

/* Begin PBXResourcesBuildPhase section */
		FC508FAC1A8AD59100B729FA /* Resources */ = {
			isa = PBXResourcesBuildPhase;
			buildActionMask = 2147483647;
			files = (
				FC508FB91A8AD59100B729FA /* Main.storyboard in Resources */,
				FC508FBE1A8AD59100B729FA /* LaunchScreen.xib in Resources */,
				FC508FBB1A8AD59100B729FA /* Images.xcassets in Resources */,
			);
			runOnlyForDeploymentPostprocessing = 0;
		};
		FC508FC11A8AD59100B729FA /* Resources */ = {
			isa = PBXResourcesBuildPhase;
			buildActionMask = 2147483647;
			files = (
			);
			runOnlyForDeploymentPostprocessing = 0;
		};
/* End PBXResourcesBuildPhase section */

/* Begin PBXSourcesBuildPhase section */
		FC508FAA1A8AD59100B729FA /* Sources */ = {
			isa = PBXSourcesBuildPhase;
			buildActionMask = 2147483647;
			files = (
				FC508FDE1A8AE91500B729FA /* Common.swift in Sources */,
				FC508FD41A8AD63000B729FA /* RabitViewController.swift in Sources */,
				FC508FB61A8AD59100B729FA /* ViewController.swift in Sources */,
				FCE58BDC1A93D1BD001CFF1D /* LoginViewController.swift in Sources */,
				FC508FB41A8AD59100B729FA /* AppDelegate.swift in Sources */,
			);
			runOnlyForDeploymentPostprocessing = 0;
		};
		FC508FBF1A8AD59100B729FA /* Sources */ = {
			isa = PBXSourcesBuildPhase;
			buildActionMask = 2147483647;
			files = (
				FC508FCA1A8AD59100B729FA /* Furry_FriendsTests.swift in Sources */,
			);
			runOnlyForDeploymentPostprocessing = 0;
		};
/* End PBXSourcesBuildPhase section */

/* Begin PBXTargetDependency section */
		FC508FC51A8AD59100B729FA /* PBXTargetDependency */ = {
			isa = PBXTargetDependency;
			target = FC508FAD1A8AD59100B729FA /* Furry Friends */;
			targetProxy = FC508FC41A8AD59100B729FA /* PBXContainerItemProxy */;
		};
/* End PBXTargetDependency section */

/* Begin PBXVariantGroup section */
		FC508FB71A8AD59100B729FA /* Main.storyboard */ = {
			isa = PBXVariantGroup;
			children = (
				FC508FB81A8AD59100B729FA /* Base */,
			);
			name = Main.storyboard;
			sourceTree = "<group>";
		};
		FC508FBC1A8AD59100B729FA /* LaunchScreen.xib */ = {
			isa = PBXVariantGroup;
			children = (
				FC508FBD1A8AD59100B729FA /* Base */,
			);
			name = LaunchScreen.xib;
			sourceTree = "<group>";
		};
/* End PBXVariantGroup section */

/* Begin XCBuildConfiguration section */
		FC508FCB1A8AD59100B729FA /* Debug */ = {
			isa = XCBuildConfiguration;
			buildSettings = {
				ALWAYS_SEARCH_USER_PATHS = NO;
				CLANG_CXX_LANGUAGE_STANDARD = "gnu++0x";
				CLANG_CXX_LIBRARY = "libc++";
				CLANG_ENABLE_MODULES = YES;
				CLANG_ENABLE_OBJC_ARC = YES;
				CLANG_WARN_BOOL_CONVERSION = YES;
				CLANG_WARN_CONSTANT_CONVERSION = YES;
				CLANG_WARN_DIRECT_OBJC_ISA_USAGE = YES_ERROR;
				CLANG_WARN_EMPTY_BODY = YES;
				CLANG_WARN_ENUM_CONVERSION = YES;
				CLANG_WARN_INT_CONVERSION = YES;
				CLANG_WARN_OBJC_ROOT_CLASS = YES_ERROR;
				CLANG_WARN_UNREACHABLE_CODE = YES;
				CLANG_WARN__DUPLICATE_METHOD_MATCH = YES;
				"CODE_SIGN_IDENTITY[sdk=iphoneos*]" = "iPhone Developer";
				COPY_PHASE_STRIP = NO;
				ENABLE_STRICT_OBJC_MSGSEND = YES;
				GCC_C_LANGUAGE_STANDARD = gnu99;
				GCC_DYNAMIC_NO_PIC = NO;
				GCC_OPTIMIZATION_LEVEL = 0;
				GCC_PREPROCESSOR_DEFINITIONS = (
					"DEBUG=1",
					"$(inherited)",
				);
				GCC_SYMBOLS_PRIVATE_EXTERN = NO;
				GCC_WARN_64_TO_32_BIT_CONVERSION = YES;
				GCC_WARN_ABOUT_RETURN_TYPE = YES_ERROR;
				GCC_WARN_UNDECLARED_SELECTOR = YES;
				GCC_WARN_UNINITIALIZED_AUTOS = YES_AGGRESSIVE;
				GCC_WARN_UNUSED_FUNCTION = YES;
				GCC_WARN_UNUSED_VARIABLE = YES;
				IPHONEOS_DEPLOYMENT_TARGET = 8.1;
				MTL_ENABLE_DEBUG_INFO = YES;
				ONLY_ACTIVE_ARCH = YES;
				SDKROOT = iphoneos;
				SWIFT_OPTIMIZATION_LEVEL = "-Onone";
			};
			name = Debug;
		};
		FC508FCC1A8AD59100B729FA /* Release */ = {
			isa = XCBuildConfiguration;
			buildSettings = {
				ALWAYS_SEARCH_USER_PATHS = NO;
				CLANG_CXX_LANGUAGE_STANDARD = "gnu++0x";
				CLANG_CXX_LIBRARY = "libc++";
				CLANG_ENABLE_MODULES = YES;
				CLANG_ENABLE_OBJC_ARC = YES;
				CLANG_WARN_BOOL_CONVERSION = YES;
				CLANG_WARN_CONSTANT_CONVERSION = YES;
				CLANG_WARN_DIRECT_OBJC_ISA_USAGE = YES_ERROR;
				CLANG_WARN_EMPTY_BODY = YES;
				CLANG_WARN_ENUM_CONVERSION = YES;
				CLANG_WARN_INT_CONVERSION = YES;
				CLANG_WARN_OBJC_ROOT_CLASS = YES_ERROR;
				CLANG_WARN_UNREACHABLE_CODE = YES;
				CLANG_WARN__DUPLICATE_METHOD_MATCH = YES;
				"CODE_SIGN_IDENTITY[sdk=iphoneos*]" = "iPhone Developer";
				COPY_PHASE_STRIP = YES;
				ENABLE_NS_ASSERTIONS = NO;
				ENABLE_STRICT_OBJC_MSGSEND = YES;
				GCC_C_LANGUAGE_STANDARD = gnu99;
				GCC_WARN_64_TO_32_BIT_CONVERSION = YES;
				GCC_WARN_ABOUT_RETURN_TYPE = YES_ERROR;
				GCC_WARN_UNDECLARED_SELECTOR = YES;
				GCC_WARN_UNINITIALIZED_AUTOS = YES_AGGRESSIVE;
				GCC_WARN_UNUSED_FUNCTION = YES;
				GCC_WARN_UNUSED_VARIABLE = YES;
				IPHONEOS_DEPLOYMENT_TARGET = 8.1;
				MTL_ENABLE_DEBUG_INFO = NO;
				SDKROOT = iphoneos;
				VALIDATE_PRODUCT = YES;
			};
			name = Release;
		};
		FC508FCE1A8AD59100B729FA /* Debug */ = {
			isa = XCBuildConfiguration;
			buildSettings = {
				ASSETCATALOG_COMPILER_APPICON_NAME = AppIcon;
				INFOPLIST_FILE = "Furry Friends/Info.plist";
				LD_RUNPATH_SEARCH_PATHS = "$(inherited) @executable_path/Frameworks";
				PRODUCT_NAME = "$(TARGET_NAME)";
			};
			name = Debug;
		};
		FC508FCF1A8AD59100B729FA /* Release */ = {
			isa = XCBuildConfiguration;
			buildSettings = {
				ASSETCATALOG_COMPILER_APPICON_NAME = AppIcon;
				INFOPLIST_FILE = "Furry Friends/Info.plist";
				LD_RUNPATH_SEARCH_PATHS = "$(inherited) @executable_path/Frameworks";
				PRODUCT_NAME = "$(TARGET_NAME)";
			};
			name = Release;
		};
		FC508FD11A8AD59100B729FA /* Debug */ = {
			isa = XCBuildConfiguration;
			buildSettings = {
				BUNDLE_LOADER = "$(TEST_HOST)";
				FRAMEWORK_SEARCH_PATHS = (
					"$(SDKROOT)/Developer/Library/Frameworks",
					"$(inherited)",
				);
				GCC_PREPROCESSOR_DEFINITIONS = (
					"DEBUG=1",
					"$(inherited)",
				);
				INFOPLIST_FILE = "Furry FriendsTests/Info.plist";
				LD_RUNPATH_SEARCH_PATHS = "$(inherited) @executable_path/Frameworks @loader_path/Frameworks";
				PRODUCT_NAME = "$(TARGET_NAME)";
				TEST_HOST = "$(BUILT_PRODUCTS_DIR)/Furry Friends.app/Furry Friends";
			};
			name = Debug;
		};
		FC508FD21A8AD59100B729FA /* Release */ = {
			isa = XCBuildConfiguration;
			buildSettings = {
				BUNDLE_LOADER = "$(TEST_HOST)";
				FRAMEWORK_SEARCH_PATHS = (
					"$(SDKROOT)/Developer/Library/Frameworks",
					"$(inherited)",
				);
				INFOPLIST_FILE = "Furry FriendsTests/Info.plist";
				LD_RUNPATH_SEARCH_PATHS = "$(inherited) @executable_path/Frameworks @loader_path/Frameworks";
				PRODUCT_NAME = "$(TARGET_NAME)";
				TEST_HOST = "$(BUILT_PRODUCTS_DIR)/Furry Friends.app/Furry Friends";
			};
			name = Release;
		};
/* End XCBuildConfiguration section */

/* Begin XCConfigurationList section */
		FC508FA91A8AD59100B729FA /* Build configuration list for PBXProject "Furry Friends" */ = {
			isa = XCConfigurationList;
			buildConfigurations = (
				FC508FCB1A8AD59100B729FA /* Debug */,
				FC508FCC1A8AD59100B729FA /* Release */,
			);
			defaultConfigurationIsVisible = 0;
			defaultConfigurationName = Release;
		};
		FC508FCD1A8AD59100B729FA /* Build configuration list for PBXNativeTarget "Furry Friends" */ = {
			isa = XCConfigurationList;
			buildConfigurations = (
				FC508FCE1A8AD59100B729FA /* Debug */,
				FC508FCF1A8AD59100B729FA /* Release */,
			);
			defaultConfigurationIsVisible = 0;
			defaultConfigurationName = Release;
		};
		FC508FD01A8AD59100B729FA /* Build configuration list for PBXNativeTarget "Furry FriendsTests" */ = {
			isa = XCConfigurationList;
			buildConfigurations = (
				FC508FD11A8AD59100B729FA /* Debug */,
				FC508FD21A8AD59100B729FA /* Release */,
			);
			defaultConfigurationIsVisible = 0;
			defaultConfigurationName = Release;
		};
/* End XCConfigurationList section */
	};
	rootObject = FC508FA61A8AD59100B729FA /* Project object */;
}
